
Microsoft Visual Studio Solution File, Format Version 12.00
# Visual Studio 15
VisualStudioVersion = 15.0.27428.2037
MinimumVisualStudioVersion = 10.0.40219.1
Project("{FAE04EC0-301F-11D3-BF4B-00C04F79EFBC}") = "ToDoList", "ToDoList\ToDoList.csproj", "{484DF84F-7387-4372-B336-E49C2A92D861}"
EndProject
Global
	GlobalSection(SolutionConfigurationPlatforms) = preSolution
		Debug|Any CPU = Debug|Any CPU
		Release|Any CPU = Release|Any CPU
	EndGlobalSection
	GlobalSection(ProjectConfigurationPlatforms) = postSolution
		{484DF84F-7387-4372-B336-E49C2A92D861}.Debug|Any CPU.ActiveCfg = Debug|Any CPU
		{484DF84F-7387-4372-B336-E49C2A92D861}.Debug|Any CPU.Build.0 = Debug|Any CPU
		{484DF84F-7387-4372-B336-E49C2A92D861}.Release|Any CPU.ActiveCfg = Release|Any CPU
		{484DF84F-7387-4372-B336-E49C2A92D861}.Release|Any CPU.Build.0 = Release|Any CPU
	EndGlobalSection
	GlobalSection(SolutionProperties) = preSolution
		HideSolutionNode = FALSE
	EndGlobalSection
	GlobalSection(ExtensibilityGlobals) = postSolution
		SolutionGuid = {93928560-CEA5-4E14-8E87-AF770CBE9641}
	EndGlobalSection
EndGlobal
